<?xml version="1.0" encoding="utf-8"?>
<Project ToolsVersion="4.0" xmlns="http://schemas.microsoft.com/developer/msbuild/2003">
  <ItemGroup>
    <ClCompile Include="main.cpp" />
    <ClCompile Include="TestScene.cpp">
      <Filter>Scene</Filter>
    </ClCompile>
    <ClCompile Include="HyojeTestScene.cpp">
      <Filter>Scene</Filter>
    </ClCompile>
    <ClCompile Include="TestCameraObject.cpp">
      <Filter>GameObject\Camera</Filter>
    </ClCompile>
    <ClCompile Include="CamRotObject.cpp">
      <Filter>GameObject\Camera</Filter>
    </ClCompile>
    <ClCompile Include="Player.cpp">
      <Filter>GameObject</Filter>
    </ClCompile>
    <ClCompile Include="Enemy.cpp">
      <Filter>GameObject</Filter>
    </ClCompile>
    <ClCompile Include="FSMComponentEnemy.cpp">
      <Filter>Component</Filter>
    </ClCompile>
    <ClCompile Include="FSMComponentGun.cpp">
      <Filter>Component</Filter>
    </ClCompile>
    <ClCompile Include="TaehyeonTestScene.cpp">
      <Filter>Scene</Filter>
    </ClCompile>
    <ClCompile Include="TitleScene.cpp">
      <Filter>Scene</Filter>
    </ClCompile>
    <ClCompile Include="CrossHairAndNode.cpp">
      <Filter>Component</Filter>
    </ClCompile>
    <ClCompile Include="EndingScene.cpp">
      <Filter>Scene</Filter>
    </ClCompile>
    <ClCompile Include="ParticleObject.cpp">
      <Filter>ParticleObject</Filter>
    </ClCompile>
    <ClCompile Include="stdafx.cpp" />
  </ItemGroup>
  <ItemGroup>
    <ClInclude Include="stdafx.h" />
    <ClInclude Include="TestScene.h">
      <Filter>Scene</Filter>
    </ClInclude>
    <ClInclude Include="HyojeTestScene.h">
      <Filter>Scene</Filter>
    </ClInclude>
    <ClInclude Include="TestCameraObject.h">
      <Filter>GameObject\Camera</Filter>
    </ClInclude>
    <ClInclude Include="CamRotObject.h">
      <Filter>GameObject\Camera</Filter>
    </ClInclude>
    <ClInclude Include="Player.h">
      <Filter>GameObject</Filter>
    </ClInclude>
    <ClInclude Include="Enemy.h">
      <Filter>GameObject</Filter>
    </ClInclude>
    <ClInclude Include="FSMComponentEnemy.h">
      <Filter>Component</Filter>
    </ClInclude>
    <ClInclude Include="FSMComponentGun.h">
      <Filter>Component</Filter>
    </ClInclude>
    <ClInclude Include="TaehyeonTestScene.h">
      <Filter>Scene</Filter>
    </ClInclude>
    <ClInclude Include="TitleScene.h">
      <Filter>Scene</Filter>
    </ClInclude>
    <ClInclude Include="CrossHairAndNode.h">
      <Filter>Component</Filter>
    </ClInclude>
    <ClInclude Include="EndingScene.h">
      <Filter>Scene</Filter>
    </ClInclude>
    <ClInclude Include="ParticleObject.h">
      <Filter>ParticleObject</Filter>
    </ClInclude>
  </ItemGroup>
  <ItemGroup>
    <Filter Include="Scene">
      <UniqueIdentifier>{d1d2d347-1d4b-4c24-881e-a79233f05bf1}</UniqueIdentifier>
    </Filter>
    <Filter Include="GameObject">
      <UniqueIdentifier>{0c0b1247-c226-43ea-8e17-a5aa2b159cf4}</UniqueIdentifier>
    </Filter>
    <Filter Include="GameObject\Camera">
      <UniqueIdentifier>{cbfb4604-31c4-409a-ab7f-a427d2aa44a6}</UniqueIdentifier>
    </Filter>
    <Filter Include="Scene\JSON">
      <UniqueIdentifier>{ebcf55c0-b195-40e1-9fbb-20909ace718c}</UniqueIdentifier>
    </Filter>
    <Filter Include="Component">
      <UniqueIdentifier>{8b1fb732-907a-4e85-8850-848e49ba2777}</UniqueIdentifier>
    </Filter>
    <Filter Include="ParticleObject">
      <UniqueIdentifier>{61332d8f-e6a1-409e-8b33-7cf2b36ccabe}</UniqueIdentifier>
    </Filter>
    <Filter Include="GameObject\Prefab">
      <UniqueIdentifier>{c06de892-b72a-4def-b4e2-dbcc4b0ac41a}</UniqueIdentifier>
    </Filter>
  </ItemGroup>
  <ItemGroup>
    <None Include="..\Asset\Scene\HyojeTestScene.json">
      <Filter>Scene\JSON</Filter>
    </None>
    <None Include="..\Asset\Scene\TestScene.json">
      <Filter>Scene\JSON</Filter>
    </None>
    <None Include="..\Asset\Scene\TaehyeonTestScene.json">
      <Filter>Scene\JSON</Filter>
    </None>
    <None Include="..\Asset\Scene\TitleScene.json">
      <Filter>Scene\JSON</Filter>
    </None>
    <None Include="..\Asset\Scene\EndingScene.json">
      <Filter>Scene\JSON</Filter>
    </None>
    <None Include="..\Asset\Prefab\Enemy.json">
      <Filter>GameObject\Prefab</Filter>
    </None>
  </ItemGroup>
</Project>